
Microsoft Visual Studio Solution File, Format Version 12.00
# Visual Studio Version 17
VisualStudioVersion = 17.5.33414.496
MinimumVisualStudioVersion = 10.0.40219.1
Project("{FAE04EC0-301F-11D3-BF4B-00C04F79EFBC}") = "QSBBattleRoyale", "QSBBattleRoyale\QSBBattleRoyale.csproj", "{B7AD04A3-ACEB-45C4-9B4E-112DBDC9A098}"
EndProject
Global
	GlobalSection(SolutionConfigurationPlatforms) = preSolution
		Debug|Any CPU = Debug|Any CPU
		Release|Any CPU = Release|Any CPU
	EndGlobalSection
	GlobalSection(ProjectConfigurationPlatforms) = postSolution
		{B7AD04A3-ACEB-45C4-9B4E-112DBDC9A098}.Debug|Any CPU.ActiveCfg = Debug|Any CPU
		{B7AD04A3-ACEB-45C4-9B4E-112DBDC9A098}.Debug|Any CPU.Build.0 = Debug|Any CPU
		{B7AD04A3-ACEB-45C4-9B4E-112DBDC9A098}.Release|Any CPU.ActiveCfg = Release|Any CPU
		{B7AD04A3-ACEB-45C4-9B4E-112DBDC9A098}.Release|Any CPU.Build.0 = Release|Any CPU
	EndGlobalSection
	GlobalSection(SolutionProperties) = preSolution
		HideSolutionNode = FALSE
	EndGlobalSection
	GlobalSection(ExtensibilityGlobals) = postSolution
		SolutionGuid = {ECD59510-8EEA-4AE3-A766-455883B2A44B}
	EndGlobalSection
EndGlobal
